// !$*UTF8*$!
{
	archiveVersion = 1;
	classes = {
	};
	objectVersion = 46;
	objects = {

/* Begin PBXBuildFile section */
		3047F6CB1C469FBB00774E3D /* Application.cpp in Sources */ = {isa = PBXBuildFile; fileRef = 3047F6B61C469FBB00774E3D /* Application.cpp */; };
		3047F6CC1C469FBB00774E3D /* Application.cpp in Sources */ = {isa = PBXBuildFile; fileRef = 3047F6B61C469FBB00774E3D /* Application.cpp */; };
		3047F6CD1C469FBB00774E3D /* Application.cpp in Sources */ = {isa = PBXBuildFile; fileRef = 3047F6B61C469FBB00774E3D /* Application.cpp */; };
		3047F6CF1C469FBB00774E3D /* Assets.xcassets in Resources */ = {isa = PBXBuildFile; fileRef = 3047F6B91C469FBB00774E3D /* Assets.xcassets */; };
		3047F6D41C469FBB00774E3D /* main.cpp in Sources */ = {isa = PBXBuildFile; fileRef = 3047F6BC1C469FBB00774E3D /* main.cpp */; };
		3047F6D51C469FBB00774E3D /* main.cpp in Sources */ = {isa = PBXBuildFile; fileRef = 3047F6BC1C469FBB00774E3D /* main.cpp */; };
		3047F6D61C469FBB00774E3D /* main.cpp in Sources */ = {isa = PBXBuildFile; fileRef = 3047F6BC1C469FBB00774E3D /* main.cpp */; };
		3047F6D71C469FBB00774E3D /* Assets.xcassets in Resources */ = {isa = PBXBuildFile; fileRef = 3047F6BE1C469FBB00774E3D /* Assets.xcassets */; };
		3047F6DF1C469FBB00774E3D /* Assets.xcassets in Resources */ = {isa = PBXBuildFile; fileRef = 3047F6C21C469FBB00774E3D /* Assets.xcassets */; };
		3047F70A1C46A0D100774E3D /* GameController.framework in Frameworks */ = {isa = PBXBuildFile; fileRef = 3047F7091C46A0D100774E3D /* GameController.framework */; };
		3047F70C1C46A0EC00774E3D /* Cocoa.framework in Frameworks */ = {isa = PBXBuildFile; fileRef = 3047F70B1C46A0EC00774E3D /* Cocoa.framework */; };
		3047F70E1C46A0F400774E3D /* OpenGL.framework in Frameworks */ = {isa = PBXBuildFile; fileRef = 3047F70D1C46A0F400774E3D /* OpenGL.framework */; };
		3047F7271C46A31F00774E3D /* libouzel_osx.a in Frameworks */ = {isa = PBXBuildFile; fileRef = 3047F71C1C46A31300774E3D /* libouzel_osx.a */; };
		3047F72A1C46A4EA00774E3D /* VideoNode.cpp in Sources */ = {isa = PBXBuildFile; fileRef = 3047F7281C46A4EA00774E3D /* VideoNode.cpp */; };
		3047F72B1C46A4EA00774E3D /* VideoNode.cpp in Sources */ = {isa = PBXBuildFile; fileRef = 3047F7281C46A4EA00774E3D /* VideoNode.cpp */; };
		3047F72C1C46A4EA00774E3D /* VideoNode.cpp in Sources */ = {isa = PBXBuildFile; fileRef = 3047F7281C46A4EA00774E3D /* VideoNode.cpp */; };
		3047F7311C46A7BD00774E3D /* CoreVideo.framework in Frameworks */ = {isa = PBXBuildFile; fileRef = 3047F7301C46A7BD00774E3D /* CoreVideo.framework */; };
		3047F7331C46A7C500774E3D /* VideoDecodeAcceleration.framework in Frameworks */ = {isa = PBXBuildFile; fileRef = 3047F7321C46A7C500774E3D /* VideoDecodeAcceleration.framework */; };
		3047F7351C46A7CC00774E3D /* CoreFoundation.framework in Frameworks */ = {isa = PBXBuildFile; fileRef = 3047F7341C46A7CC00774E3D /* CoreFoundation.framework */; };
		307BD7E41CBFCF4F0071F0BB /* Metal.framework in Frameworks */ = {isa = PBXBuildFile; fileRef = 307BD7E21CBFCF4F0071F0BB /* Metal.framework */; };
		307BD7E51CBFCF4F0071F0BB /* MetalKit.framework in Frameworks */ = {isa = PBXBuildFile; fileRef = 307BD7E31CBFCF4F0071F0BB /* MetalKit.framework */; };
		307BD7EB1CBFCF570071F0BB /* Metal.framework in Frameworks */ = {isa = PBXBuildFile; fileRef = 307BD7E91CBFCF570071F0BB /* Metal.framework */; };
		307BD7EC1CBFCF570071F0BB /* MetalKit.framework in Frameworks */ = {isa = PBXBuildFile; fileRef = 307BD7EA1CBFCF570071F0BB /* MetalKit.framework */; };
		307BD7EF1CBFCF600071F0BB /* Metal.framework in Frameworks */ = {isa = PBXBuildFile; fileRef = 307BD7ED1CBFCF600071F0BB /* Metal.framework */; };
		307BD7F01CBFCF600071F0BB /* MetalKit.framework in Frameworks */ = {isa = PBXBuildFile; fileRef = 307BD7EE1CBFCF600071F0BB /* MetalKit.framework */; };
		30EDFC431C6CDC1A008E9753 /* button_down.png in Resources */ = {isa = PBXBuildFile; fileRef = 30EDFC411C6CDC1A008E9753 /* button_down.png */; };
		30EDFC441C6CDC1A008E9753 /* button_down.png in Resources */ = {isa = PBXBuildFile; fileRef = 30EDFC411C6CDC1A008E9753 /* button_down.png */; };
		30EDFC451C6CDC1A008E9753 /* button_down.png in Resources */ = {isa = PBXBuildFile; fileRef = 30EDFC411C6CDC1A008E9753 /* button_down.png */; };
		30EDFC461C6CDC1A008E9753 /* button.png in Resources */ = {isa = PBXBuildFile; fileRef = 30EDFC421C6CDC1A008E9753 /* button.png */; };
		30EDFC471C6CDC1A008E9753 /* button.png in Resources */ = {isa = PBXBuildFile; fileRef = 30EDFC421C6CDC1A008E9753 /* button.png */; };
		30EDFC481C6CDC1A008E9753 /* button.png in Resources */ = {isa = PBXBuildFile; fileRef = 30EDFC421C6CDC1A008E9753 /* button.png */; };
/* End PBXBuildFile section */

/* Begin PBXContainerItemProxy section */
		3047F71B1C46A31300774E3D /* PBXContainerItemProxy */ = {
			isa = PBXContainerItemProxy;
			containerPortal = 3047F7121C46A31300774E3D /* ouzel.xcodeproj */;
			proxyType = 2;
			remoteGlobalIDString = 304A8E251C237C30008B1151;
			remoteInfo = ouzel_osx;
		};
		3047F71D1C46A31300774E3D /* PBXContainerItemProxy */ = {
			isa = PBXContainerItemProxy;
			containerPortal = 3047F7121C46A31300774E3D /* ouzel.xcodeproj */;
			proxyType = 2;
			remoteGlobalIDString = 303B75331C2A3C5800FEDE92;
			remoteInfo = ouzel_ios;
		};
		3047F71F1C46A31300774E3D /* PBXContainerItemProxy */ = {
			isa = PBXContainerItemProxy;
			containerPortal = 3047F7121C46A31300774E3D /* ouzel.xcodeproj */;
			proxyType = 2;
			remoteGlobalIDString = 303B76801C355A3B00FEDE92;
			remoteInfo = ouzel_tvos;
		};
/* End PBXContainerItemProxy section */

/* Begin PBXFileReference section */
		303B76201C34CFE300FEDE92 /* native_play_ios.app */ = {isa = PBXFileReference; explicitFileType = wrapper.application; includeInIndex = 0; path = native_play_ios.app; sourceTree = BUILT_PRODUCTS_DIR; };
		303B76A01C355AA400FEDE92 /* native_play_tvos.app */ = {isa = PBXFileReference; explicitFileType = wrapper.application; includeInIndex = 0; path = native_play_tvos.app; sourceTree = BUILT_PRODUCTS_DIR; };
		3047F6B61C469FBB00774E3D /* Application.cpp */ = {isa = PBXFileReference; fileEncoding = 4; lastKnownFileType = sourcecode.cpp.cpp; path = Application.cpp; sourceTree = "<group>"; };
		3047F6B71C469FBB00774E3D /* Application.h */ = {isa = PBXFileReference; fileEncoding = 4; lastKnownFileType = sourcecode.c.h; path = Application.h; sourceTree = "<group>"; };
		3047F6B91C469FBB00774E3D /* Assets.xcassets */ = {isa = PBXFileReference; lastKnownFileType = folder.assetcatalog; path = Assets.xcassets; sourceTree = "<group>"; };
		3047F6BA1C469FBB00774E3D /* Info.plist */ = {isa = PBXFileReference; fileEncoding = 4; lastKnownFileType = text.plist.xml; path = Info.plist; sourceTree = "<group>"; };
		3047F6BB1C469FBB00774E3D /* Prefix.pch */ = {isa = PBXFileReference; fileEncoding = 4; lastKnownFileType = sourcecode.c.h; path = Prefix.pch; sourceTree = "<group>"; };
		3047F6BC1C469FBB00774E3D /* main.cpp */ = {isa = PBXFileReference; fileEncoding = 4; lastKnownFileType = sourcecode.cpp.cpp; path = main.cpp; sourceTree = "<group>"; };
		3047F6BE1C469FBB00774E3D /* Assets.xcassets */ = {isa = PBXFileReference; lastKnownFileType = folder.assetcatalog; path = Assets.xcassets; sourceTree = "<group>"; };
		3047F6BF1C469FBB00774E3D /* Info.plist */ = {isa = PBXFileReference; fileEncoding = 4; lastKnownFileType = text.plist.xml; path = Info.plist; sourceTree = "<group>"; };
		3047F6C01C469FBB00774E3D /* Prefix.pch */ = {isa = PBXFileReference; fileEncoding = 4; lastKnownFileType = sourcecode.c.h; path = Prefix.pch; sourceTree = "<group>"; };
		3047F6C21C469FBB00774E3D /* Assets.xcassets */ = {isa = PBXFileReference; lastKnownFileType = folder.assetcatalog; path = Assets.xcassets; sourceTree = "<group>"; };
		3047F6C31C469FBB00774E3D /* Info.plist */ = {isa = PBXFileReference; fileEncoding = 4; lastKnownFileType = text.plist.xml; path = Info.plist; sourceTree = "<group>"; };
		3047F6C41C469FBB00774E3D /* Prefix.pch */ = {isa = PBXFileReference; fileEncoding = 4; lastKnownFileType = sourcecode.c.h; path = Prefix.pch; sourceTree = "<group>"; };
		3047F7091C46A0D100774E3D /* GameController.framework */ = {isa = PBXFileReference; lastKnownFileType = wrapper.framework; name = GameController.framework; path = System/Library/Frameworks/GameController.framework; sourceTree = SDKROOT; };
		3047F70B1C46A0EC00774E3D /* Cocoa.framework */ = {isa = PBXFileReference; lastKnownFileType = wrapper.framework; name = Cocoa.framework; path = System/Library/Frameworks/Cocoa.framework; sourceTree = SDKROOT; };
		3047F70D1C46A0F400774E3D /* OpenGL.framework */ = {isa = PBXFileReference; lastKnownFileType = wrapper.framework; name = OpenGL.framework; path = System/Library/Frameworks/OpenGL.framework; sourceTree = SDKROOT; };
		3047F7121C46A31300774E3D /* ouzel.xcodeproj */ = {isa = PBXFileReference; lastKnownFileType = "wrapper.pb-project"; name = ouzel.xcodeproj; path = ../ouzel/build/ouzel.xcodeproj; sourceTree = "<group>"; };
		3047F7281C46A4EA00774E3D /* VideoNode.cpp */ = {isa = PBXFileReference; fileEncoding = 4; lastKnownFileType = sourcecode.cpp.cpp; path = VideoNode.cpp; sourceTree = "<group>"; };
		3047F7291C46A4EA00774E3D /* VideoNode.h */ = {isa = PBXFileReference; fileEncoding = 4; lastKnownFileType = sourcecode.c.h; path = VideoNode.h; sourceTree = "<group>"; };
		3047F72D1C46A5F900774E3D /* libavcodec.a */ = {isa = PBXFileReference; lastKnownFileType = archive.ar; name = libavcodec.a; path = ../libav/libavcodec/libavcodec.a; sourceTree = "<group>"; };
		3047F7301C46A7BD00774E3D /* CoreVideo.framework */ = {isa = PBXFileReference; lastKnownFileType = wrapper.framework; name = CoreVideo.framework; path = System/Library/Frameworks/CoreVideo.framework; sourceTree = SDKROOT; };
		3047F7321C46A7C500774E3D /* VideoDecodeAcceleration.framework */ = {isa = PBXFileReference; lastKnownFileType = wrapper.framework; name = VideoDecodeAcceleration.framework; path = System/Library/Frameworks/VideoDecodeAcceleration.framework; sourceTree = SDKROOT; };
		3047F7341C46A7CC00774E3D /* CoreFoundation.framework */ = {isa = PBXFileReference; lastKnownFileType = wrapper.framework; name = CoreFoundation.framework; path = System/Library/Frameworks/CoreFoundation.framework; sourceTree = SDKROOT; };
		304A8E0A1C237B95008B1151 /* native_play_osx.app */ = {isa = PBXFileReference; explicitFileType = wrapper.application; includeInIndex = 0; path = native_play_osx.app; sourceTree = BUILT_PRODUCTS_DIR; };
		307BD7E21CBFCF4F0071F0BB /* Metal.framework */ = {isa = PBXFileReference; lastKnownFileType = wrapper.framework; name = Metal.framework; path = System/Library/Frameworks/Metal.framework; sourceTree = SDKROOT; };
		307BD7E31CBFCF4F0071F0BB /* MetalKit.framework */ = {isa = PBXFileReference; lastKnownFileType = wrapper.framework; name = MetalKit.framework; path = System/Library/Frameworks/MetalKit.framework; sourceTree = SDKROOT; };
		307BD7E91CBFCF570071F0BB /* Metal.framework */ = {isa = PBXFileReference; lastKnownFileType = wrapper.framework; name = Metal.framework; path = Platforms/iPhoneOS.platform/Developer/SDKs/iPhoneOS9.3.sdk/System/Library/Frameworks/Metal.framework; sourceTree = DEVELOPER_DIR; };
		307BD7EA1CBFCF570071F0BB /* MetalKit.framework */ = {isa = PBXFileReference; lastKnownFileType = wrapper.framework; name = MetalKit.framework; path = Platforms/iPhoneOS.platform/Developer/SDKs/iPhoneOS9.3.sdk/System/Library/Frameworks/MetalKit.framework; sourceTree = DEVELOPER_DIR; };
		307BD7ED1CBFCF600071F0BB /* Metal.framework */ = {isa = PBXFileReference; lastKnownFileType = wrapper.framework; name = Metal.framework; path = Platforms/AppleTVOS.platform/Developer/SDKs/AppleTVOS9.2.sdk/System/Library/Frameworks/Metal.framework; sourceTree = DEVELOPER_DIR; };
		307BD7EE1CBFCF600071F0BB /* MetalKit.framework */ = {isa = PBXFileReference; lastKnownFileType = wrapper.framework; name = MetalKit.framework; path = Platforms/AppleTVOS.platform/Developer/SDKs/AppleTVOS9.2.sdk/System/Library/Frameworks/MetalKit.framework; sourceTree = DEVELOPER_DIR; };
		30EDFC331C6CADFF008E9753 /* VideoTextureNode.cpp */ = {isa = PBXFileReference; fileEncoding = 4; lastKnownFileType = sourcecode.cpp.cpp; path = VideoTextureNode.cpp; sourceTree = "<group>"; };
		30EDFC341C6CADFF008E9753 /* VideoTextureNode.h */ = {isa = PBXFileReference; fileEncoding = 4; lastKnownFileType = sourcecode.c.h; path = VideoTextureNode.h; sourceTree = "<group>"; };
		30EDFC411C6CDC1A008E9753 /* button_down.png */ = {isa = PBXFileReference; lastKnownFileType = image.png; name = button_down.png; path = Resources/button_down.png; sourceTree = "<group>"; };
		30EDFC421C6CDC1A008E9753 /* button.png */ = {isa = PBXFileReference; lastKnownFileType = image.png; name = button.png; path = Resources/button.png; sourceTree = "<group>"; };
/* End PBXFileReference section */

/* Begin PBXFrameworksBuildPhase section */
		303B76101C34CFE300FEDE92 /* Frameworks */ = {
			isa = PBXFrameworksBuildPhase;
			buildActionMask = 2147483647;
			files = (
				307BD7EB1CBFCF570071F0BB /* Metal.framework in Frameworks */,
				307BD7EC1CBFCF570071F0BB /* MetalKit.framework in Frameworks */,
			);
			runOnlyForDeploymentPostprocessing = 0;
		};
		303B768F1C355AA400FEDE92 /* Frameworks */ = {
			isa = PBXFrameworksBuildPhase;
			buildActionMask = 2147483647;
			files = (
				307BD7EF1CBFCF600071F0BB /* Metal.framework in Frameworks */,
				307BD7F01CBFCF600071F0BB /* MetalKit.framework in Frameworks */,
			);
			runOnlyForDeploymentPostprocessing = 0;
		};
		304A8E071C237B95008B1151 /* Frameworks */ = {
			isa = PBXFrameworksBuildPhase;
			buildActionMask = 2147483647;
			files = (
				307BD7E41CBFCF4F0071F0BB /* Metal.framework in Frameworks */,
				307BD7E51CBFCF4F0071F0BB /* MetalKit.framework in Frameworks */,
				3047F7351C46A7CC00774E3D /* CoreFoundation.framework in Frameworks */,
				3047F7331C46A7C500774E3D /* VideoDecodeAcceleration.framework in Frameworks */,
				3047F7311C46A7BD00774E3D /* CoreVideo.framework in Frameworks */,
				3047F7271C46A31F00774E3D /* libouzel_osx.a in Frameworks */,
				3047F70E1C46A0F400774E3D /* OpenGL.framework in Frameworks */,
				3047F70C1C46A0EC00774E3D /* Cocoa.framework in Frameworks */,
				3047F70A1C46A0D100774E3D /* GameController.framework in Frameworks */,
			);
			runOnlyForDeploymentPostprocessing = 0;
		};
/* End PBXFrameworksBuildPhase section */

/* Begin PBXGroup section */
		3047F6B81C469FBB00774E3D /* ios */ = {
			isa = PBXGroup;
			children = (
				3047F6B91C469FBB00774E3D /* Assets.xcassets */,
				3047F6BA1C469FBB00774E3D /* Info.plist */,
				3047F6BB1C469FBB00774E3D /* Prefix.pch */,
			);
			path = ios;
			sourceTree = "<group>";
		};
		3047F6BD1C469FBB00774E3D /* osx */ = {
			isa = PBXGroup;
			children = (
				3047F6BE1C469FBB00774E3D /* Assets.xcassets */,
				3047F6BF1C469FBB00774E3D /* Info.plist */,
				3047F6C01C469FBB00774E3D /* Prefix.pch */,
			);
			path = osx;
			sourceTree = "<group>";
		};
		3047F6C11C469FBB00774E3D /* tvos */ = {
			isa = PBXGroup;
			children = (
				3047F6C21C469FBB00774E3D /* Assets.xcassets */,
				3047F6C31C469FBB00774E3D /* Info.plist */,
				3047F6C41C469FBB00774E3D /* Prefix.pch */,
			);
			path = tvos;
			sourceTree = "<group>";
		};
		3047F70F1C46A1B800774E3D /* Frameworks */ = {
			isa = PBXGroup;
			children = (
				307BD7ED1CBFCF600071F0BB /* Metal.framework */,
				307BD7EE1CBFCF600071F0BB /* MetalKit.framework */,
				307BD7E91CBFCF570071F0BB /* Metal.framework */,
				307BD7EA1CBFCF570071F0BB /* MetalKit.framework */,
				307BD7E21CBFCF4F0071F0BB /* Metal.framework */,
				307BD7E31CBFCF4F0071F0BB /* MetalKit.framework */,
				3047F7341C46A7CC00774E3D /* CoreFoundation.framework */,
				3047F7321C46A7C500774E3D /* VideoDecodeAcceleration.framework */,
				3047F7301C46A7BD00774E3D /* CoreVideo.framework */,
				3047F72D1C46A5F900774E3D /* libavcodec.a */,
				3047F70D1C46A0F400774E3D /* OpenGL.framework */,
				3047F70B1C46A0EC00774E3D /* Cocoa.framework */,
				3047F7091C46A0D100774E3D /* GameController.framework */,
			);
			name = Frameworks;
			sourceTree = "<group>";
		};
		3047F7101C46A1C900774E3D /* src */ = {
			isa = PBXGroup;
			children = (
				3047F6B61C469FBB00774E3D /* Application.cpp */,
				3047F6B71C469FBB00774E3D /* Application.h */,
				3047F6B81C469FBB00774E3D /* ios */,
				3047F6BC1C469FBB00774E3D /* main.cpp */,
				3047F6BD1C469FBB00774E3D /* osx */,
				3047F6C11C469FBB00774E3D /* tvos */,
				3047F7281C46A4EA00774E3D /* VideoNode.cpp */,
				3047F7291C46A4EA00774E3D /* VideoNode.h */,
				30EDFC331C6CADFF008E9753 /* VideoTextureNode.cpp */,
				30EDFC341C6CADFF008E9753 /* VideoTextureNode.h */,
			);
			path = src;
			sourceTree = "<group>";
		};
		3047F7131C46A31300774E3D /* Products */ = {
			isa = PBXGroup;
			children = (
				3047F71C1C46A31300774E3D /* libouzel_osx.a */,
				3047F71E1C46A31300774E3D /* libouzel_ios.a */,
				3047F7201C46A31300774E3D /* libouzel_tvos.a */,
			);
			name = Products;
			sourceTree = "<group>";
		};
		304A8E011C237B95008B1151 = {
			isa = PBXGroup;
			children = (
				3047F7121C46A31300774E3D /* ouzel.xcodeproj */,
				3047F7101C46A1C900774E3D /* src */,
				3047F70F1C46A1B800774E3D /* Frameworks */,
				30EDFC401C6CDC0F008E9753 /* Resources */,
				304A8E0B1C237B95008B1151 /* Products */,
			);
			sourceTree = "<group>";
		};
		304A8E0B1C237B95008B1151 /* Products */ = {
			isa = PBXGroup;
			children = (
				304A8E0A1C237B95008B1151 /* native_play_osx.app */,
				303B76201C34CFE300FEDE92 /* native_play_ios.app */,
				303B76A01C355AA400FEDE92 /* native_play_tvos.app */,
			);
			name = Products;
			sourceTree = "<group>";
		};
		30EDFC401C6CDC0F008E9753 /* Resources */ = {
			isa = PBXGroup;
			children = (
				30EDFC411C6CDC1A008E9753 /* button_down.png */,
				30EDFC421C6CDC1A008E9753 /* button.png */,
			);
			name = Resources;
			sourceTree = "<group>";
		};
/* End PBXGroup section */

/* Begin PBXNativeTarget section */
		303B760C1C34CFE300FEDE92 /* native_play_ios */ = {
			isa = PBXNativeTarget;
			buildConfigurationList = 303B761D1C34CFE300FEDE92 /* Build configuration list for PBXNativeTarget "native_play_ios" */;
			buildPhases = (
				303B760D1C34CFE300FEDE92 /* Sources */,
				303B76101C34CFE300FEDE92 /* Frameworks */,
				303B76141C34CFE300FEDE92 /* Resources */,
			);
			buildRules = (
			);
			dependencies = (
			);
			name = native_play_ios;
			productName = blackbird;
			productReference = 303B76201C34CFE300FEDE92 /* native_play_ios.app */;
			productType = "com.apple.product-type.application";
		};
		303B768B1C355AA400FEDE92 /* native_play_tvos */ = {
			isa = PBXNativeTarget;
			buildConfigurationList = 303B769D1C355AA400FEDE92 /* Build configuration list for PBXNativeTarget "native_play_tvos" */;
			buildPhases = (
				303B768C1C355AA400FEDE92 /* Sources */,
				303B768F1C355AA400FEDE92 /* Frameworks */,
				303B76941C355AA400FEDE92 /* Resources */,
			);
			buildRules = (
			);
			dependencies = (
			);
			name = native_play_tvos;
			productName = blackbird;
			productReference = 303B76A01C355AA400FEDE92 /* native_play_tvos.app */;
			productType = "com.apple.product-type.application";
		};
		304A8E091C237B95008B1151 /* native_play_osx */ = {
			isa = PBXNativeTarget;
			buildConfigurationList = 304A8E1E1C237B96008B1151 /* Build configuration list for PBXNativeTarget "native_play_osx" */;
			buildPhases = (
				304A8E061C237B95008B1151 /* Sources */,
				304A8E071C237B95008B1151 /* Frameworks */,
				304A8E081C237B95008B1151 /* Resources */,
			);
			buildRules = (
			);
			dependencies = (
			);
			name = native_play_osx;
			productName = blackbird;
			productReference = 304A8E0A1C237B95008B1151 /* native_play_osx.app */;
			productType = "com.apple.product-type.application";
		};
/* End PBXNativeTarget section */

/* Begin PBXProject section */
		304A8E021C237B95008B1151 /* Project object */ = {
			isa = PBXProject;
			attributes = {
				LastUpgradeCheck = 0720;
				ORGANIZATIONNAME = "Bool Games";
				TargetAttributes = {
					303B760C1C34CFE300FEDE92 = {
						DevelopmentTeam = XHH29823R9;
					};
					304A8E091C237B95008B1151 = {
						CreatedOnToolsVersion = 7.2;
					};
				};
			};
			buildConfigurationList = 304A8E051C237B95008B1151 /* Build configuration list for PBXProject "native_play" */;
			compatibilityVersion = "Xcode 3.2";
			developmentRegion = English;
			hasScannedForEncodings = 0;
			knownRegions = (
				en,
				Base,
			);
			mainGroup = 304A8E011C237B95008B1151;
			productRefGroup = 304A8E0B1C237B95008B1151 /* Products */;
			projectDirPath = "";
			projectReferences = (
				{
					ProductGroup = 3047F7131C46A31300774E3D /* Products */;
					ProjectRef = 3047F7121C46A31300774E3D /* ouzel.xcodeproj */;
				},
			);
			projectRoot = "";
			targets = (
				304A8E091C237B95008B1151 /* native_play_osx */,
				303B760C1C34CFE300FEDE92 /* native_play_ios */,
				303B768B1C355AA400FEDE92 /* native_play_tvos */,
			);
		};
/* End PBXProject section */

/* Begin PBXReferenceProxy section */
		3047F71C1C46A31300774E3D /* libouzel_osx.a */ = {
			isa = PBXReferenceProxy;
			fileType = archive.ar;
			path = libouzel_osx.a;
			remoteRef = 3047F71B1C46A31300774E3D /* PBXContainerItemProxy */;
			sourceTree = BUILT_PRODUCTS_DIR;
		};
		3047F71E1C46A31300774E3D /* libouzel_ios.a */ = {
			isa = PBXReferenceProxy;
			fileType = archive.ar;
			path = libouzel_ios.a;
			remoteRef = 3047F71D1C46A31300774E3D /* PBXContainerItemProxy */;
			sourceTree = BUILT_PRODUCTS_DIR;
		};
		3047F7201C46A31300774E3D /* libouzel_tvos.a */ = {
			isa = PBXReferenceProxy;
			fileType = archive.ar;
			path = libouzel_tvos.a;
			remoteRef = 3047F71F1C46A31300774E3D /* PBXContainerItemProxy */;
			sourceTree = BUILT_PRODUCTS_DIR;
		};
/* End PBXReferenceProxy section */

/* Begin PBXResourcesBuildPhase section */
		303B76141C34CFE300FEDE92 /* Resources */ = {
			isa = PBXResourcesBuildPhase;
			buildActionMask = 2147483647;
			files = (
				3047F6CF1C469FBB00774E3D /* Assets.xcassets in Resources */,
				30EDFC471C6CDC1A008E9753 /* button.png in Resources */,
				30EDFC441C6CDC1A008E9753 /* button_down.png in Resources */,
			);
			runOnlyForDeploymentPostprocessing = 0;
		};
		303B76941C355AA400FEDE92 /* Resources */ = {
			isa = PBXResourcesBuildPhase;
			buildActionMask = 2147483647;
			files = (
				3047F6DF1C469FBB00774E3D /* Assets.xcassets in Resources */,
				30EDFC481C6CDC1A008E9753 /* button.png in Resources */,
				30EDFC451C6CDC1A008E9753 /* button_down.png in Resources */,
			);
			runOnlyForDeploymentPostprocessing = 0;
		};
		304A8E081C237B95008B1151 /* Resources */ = {
			isa = PBXResourcesBuildPhase;
			buildActionMask = 2147483647;
			files = (
				3047F6D71C469FBB00774E3D /* Assets.xcassets in Resources */,
				30EDFC461C6CDC1A008E9753 /* button.png in Resources */,
				30EDFC431C6CDC1A008E9753 /* button_down.png in Resources */,
			);
			runOnlyForDeploymentPostprocessing = 0;
		};
/* End PBXResourcesBuildPhase section */

/* Begin PBXSourcesBuildPhase section */
		303B760D1C34CFE300FEDE92 /* Sources */ = {
			isa = PBXSourcesBuildPhase;
			buildActionMask = 2147483647;
			files = (
				3047F6D51C469FBB00774E3D /* main.cpp in Sources */,
				3047F72B1C46A4EA00774E3D /* VideoNode.cpp in Sources */,
				3047F6CC1C469FBB00774E3D /* Application.cpp in Sources */,
			);
			runOnlyForDeploymentPostprocessing = 0;
		};
		303B768C1C355AA400FEDE92 /* Sources */ = {
			isa = PBXSourcesBuildPhase;
			buildActionMask = 2147483647;
			files = (
				3047F6D61C469FBB00774E3D /* main.cpp in Sources */,
				3047F72C1C46A4EA00774E3D /* VideoNode.cpp in Sources */,
				3047F6CD1C469FBB00774E3D /* Application.cpp in Sources */,
			);
			runOnlyForDeploymentPostprocessing = 0;
		};
		304A8E061C237B95008B1151 /* Sources */ = {
			isa = PBXSourcesBuildPhase;
			buildActionMask = 2147483647;
			files = (
				3047F6D41C469FBB00774E3D /* main.cpp in Sources */,
				3047F72A1C46A4EA00774E3D /* VideoNode.cpp in Sources */,
				3047F6CB1C469FBB00774E3D /* Application.cpp in Sources */,
			);
			runOnlyForDeploymentPostprocessing = 0;
		};
/* End PBXSourcesBuildPhase section */

/* Begin XCBuildConfiguration section */
		303B761E1C34CFE300FEDE92 /* Debug */ = {
			isa = XCBuildConfiguration;
			buildSettings = {
				ASSETCATALOG_COMPILER_APPICON_NAME = AppIcon;
				CODE_SIGN_IDENTITY = "iPhone Developer";
				"CODE_SIGN_IDENTITY[sdk=iphoneos*]" = "iPhone Developer";
				COMBINE_HIDPI_IMAGES = YES;
				COMPRESS_PNG_FILES = NO;
				GCC_PRECOMPILE_PREFIX_HEADER = YES;
				GCC_PREFIX_HEADER = src/ios/Prefix.pch;
				HEADER_SEARCH_PATHS = /Users/elviss/Projects/ouzel/ouzel;
				INFOPLIST_FILE = src/ios/Info.plist;
				LD_RUNPATH_SEARCH_PATHS = "$(inherited) @executable_path/../Frameworks";
				PRODUCT_BUNDLE_IDENTIFIER = com.boolgames.ouzel;
				PRODUCT_NAME = "$(TARGET_NAME)";
				PROVISIONING_PROFILE = "";
				SDKROOT = iphoneos;
				TARGETED_DEVICE_FAMILY = "1,2";
			};
			name = Debug;
		};
		303B761F1C34CFE300FEDE92 /* Release */ = {
			isa = XCBuildConfiguration;
			buildSettings = {
				ASSETCATALOG_COMPILER_APPICON_NAME = AppIcon;
				CODE_SIGN_IDENTITY = "iPhone Developer";
				"CODE_SIGN_IDENTITY[sdk=iphoneos*]" = "iPhone Developer";
				COMBINE_HIDPI_IMAGES = YES;
				COMPRESS_PNG_FILES = NO;
				GCC_PRECOMPILE_PREFIX_HEADER = YES;
				GCC_PREFIX_HEADER = src/ios/Prefix.pch;
				HEADER_SEARCH_PATHS = /Users/elviss/Projects/ouzel/ouzel;
				INFOPLIST_FILE = src/ios/Info.plist;
				LD_RUNPATH_SEARCH_PATHS = "$(inherited) @executable_path/../Frameworks";
				PRODUCT_BUNDLE_IDENTIFIER = com.boolgames.ouzel;
				PRODUCT_NAME = "$(TARGET_NAME)";
				PROVISIONING_PROFILE = "";
				SDKROOT = iphoneos;
				TARGETED_DEVICE_FAMILY = "1,2";
			};
			name = Release;
		};
		303B769E1C355AA400FEDE92 /* Debug */ = {
			isa = XCBuildConfiguration;
			buildSettings = {
				ASSETCATALOG_COMPILER_APPICON_NAME = "Brand Assets";
				CODE_SIGN_IDENTITY = "iPhone Developer";
				"CODE_SIGN_IDENTITY[sdk=iphoneos*]" = "iPhone Developer";
				COMBINE_HIDPI_IMAGES = YES;
				COMPRESS_PNG_FILES = NO;
				GCC_PRECOMPILE_PREFIX_HEADER = YES;
				GCC_PREFIX_HEADER = src/ios/Prefix.pch;
				HEADER_SEARCH_PATHS = /Users/elviss/Projects/ouzel/ouzel;
				INFOPLIST_FILE = src/tvos/Info.plist;
				LD_RUNPATH_SEARCH_PATHS = "$(inherited) @executable_path/../Frameworks";
				PRODUCT_BUNDLE_IDENTIFIER = com.boolgames.ouzel;
				PRODUCT_NAME = "$(TARGET_NAME)";
				PROVISIONING_PROFILE = "";
				SDKROOT = appletvos;
			};
			name = Debug;
		};
		303B769F1C355AA400FEDE92 /* Release */ = {
			isa = XCBuildConfiguration;
			buildSettings = {
				ASSETCATALOG_COMPILER_APPICON_NAME = "Brand Assets";
				CODE_SIGN_IDENTITY = "iPhone Developer";
				"CODE_SIGN_IDENTITY[sdk=iphoneos*]" = "iPhone Developer";
				COMBINE_HIDPI_IMAGES = YES;
				COMPRESS_PNG_FILES = NO;
				GCC_PRECOMPILE_PREFIX_HEADER = YES;
				GCC_PREFIX_HEADER = src/ios/Prefix.pch;
				HEADER_SEARCH_PATHS = /Users/elviss/Projects/ouzel/ouzel;
				INFOPLIST_FILE = src/tvos/Info.plist;
				LD_RUNPATH_SEARCH_PATHS = "$(inherited) @executable_path/../Frameworks";
				PRODUCT_BUNDLE_IDENTIFIER = com.boolgames.ouzel;
				PRODUCT_NAME = "$(TARGET_NAME)";
				PROVISIONING_PROFILE = "";
				SDKROOT = appletvos;
			};
			name = Release;
		};
		304A8E1C1C237B96008B1151 /* Debug */ = {
			isa = XCBuildConfiguration;
			buildSettings = {
				ALWAYS_SEARCH_USER_PATHS = NO;
				CLANG_CXX_LANGUAGE_STANDARD = "c++0x";
				CLANG_CXX_LIBRARY = "libc++";
				CLANG_ENABLE_OBJC_ARC = YES;
				CLANG_WARN_BOOL_CONVERSION = YES;
				CLANG_WARN_CONSTANT_CONVERSION = YES;
				CLANG_WARN_DIRECT_OBJC_ISA_USAGE = YES_ERROR;
				CLANG_WARN_EMPTY_BODY = YES;
				CLANG_WARN_ENUM_CONVERSION = YES;
				CLANG_WARN_INT_CONVERSION = YES;
				CLANG_WARN_OBJC_ROOT_CLASS = YES_ERROR;
				CLANG_WARN_UNREACHABLE_CODE = YES;
				CLANG_WARN__DUPLICATE_METHOD_MATCH = YES;
				CODE_SIGN_IDENTITY = "-";
				COPY_PHASE_STRIP = NO;
				DEBUG_INFORMATION_FORMAT = dwarf;
				ENABLE_STRICT_OBJC_MSGSEND = YES;
				ENABLE_TESTABILITY = YES;
				GCC_C_LANGUAGE_STANDARD = c99;
				GCC_DYNAMIC_NO_PIC = NO;
				GCC_NO_COMMON_BLOCKS = YES;
				GCC_OPTIMIZATION_LEVEL = 0;
				GCC_PREPROCESSOR_DEFINITIONS = (
					"DEBUG=1",
					"$(inherited)",
				);
				GCC_WARN_64_TO_32_BIT_CONVERSION = YES;
				GCC_WARN_ABOUT_RETURN_TYPE = YES_ERROR;
				GCC_WARN_UNDECLARED_SELECTOR = YES;
				GCC_WARN_UNINITIALIZED_AUTOS = YES_AGGRESSIVE;
				GCC_WARN_UNUSED_FUNCTION = YES;
				GCC_WARN_UNUSED_VARIABLE = YES;
				MACOSX_DEPLOYMENT_TARGET = 10.11;
				MTL_ENABLE_DEBUG_INFO = YES;
				ONLY_ACTIVE_ARCH = YES;
				SDKROOT = macosx;
			};
			name = Debug;
		};
		304A8E1D1C237B96008B1151 /* Release */ = {
			isa = XCBuildConfiguration;
			buildSettings = {
				ALWAYS_SEARCH_USER_PATHS = NO;
				CLANG_CXX_LANGUAGE_STANDARD = "c++0x";
				CLANG_CXX_LIBRARY = "libc++";
				CLANG_ENABLE_OBJC_ARC = YES;
				CLANG_WARN_BOOL_CONVERSION = YES;
				CLANG_WARN_CONSTANT_CONVERSION = YES;
				CLANG_WARN_DIRECT_OBJC_ISA_USAGE = YES_ERROR;
				CLANG_WARN_EMPTY_BODY = YES;
				CLANG_WARN_ENUM_CONVERSION = YES;
				CLANG_WARN_INT_CONVERSION = YES;
				CLANG_WARN_OBJC_ROOT_CLASS = YES_ERROR;
				CLANG_WARN_UNREACHABLE_CODE = YES;
				CLANG_WARN__DUPLICATE_METHOD_MATCH = YES;
				CODE_SIGN_IDENTITY = "-";
				COPY_PHASE_STRIP = NO;
				DEBUG_INFORMATION_FORMAT = "dwarf-with-dsym";
				ENABLE_NS_ASSERTIONS = NO;
				ENABLE_STRICT_OBJC_MSGSEND = YES;
				GCC_C_LANGUAGE_STANDARD = c99;
				GCC_NO_COMMON_BLOCKS = YES;
				GCC_WARN_64_TO_32_BIT_CONVERSION = YES;
				GCC_WARN_ABOUT_RETURN_TYPE = YES_ERROR;
				GCC_WARN_UNDECLARED_SELECTOR = YES;
				GCC_WARN_UNINITIALIZED_AUTOS = YES_AGGRESSIVE;
				GCC_WARN_UNUSED_FUNCTION = YES;
				GCC_WARN_UNUSED_VARIABLE = YES;
				MACOSX_DEPLOYMENT_TARGET = 10.11;
				MTL_ENABLE_DEBUG_INFO = NO;
				SDKROOT = macosx;
			};
			name = Release;
		};
		304A8E1F1C237B96008B1151 /* Debug */ = {
			isa = XCBuildConfiguration;
			buildSettings = {
				ASSETCATALOG_COMPILER_APPICON_NAME = AppIcon;
				COMBINE_HIDPI_IMAGES = YES;
				GCC_PRECOMPILE_PREFIX_HEADER = YES;
				GCC_PREFIX_HEADER = src/osx/Prefix.pch;
				HEADER_SEARCH_PATHS = (
					/Users/elviss/Projects/ouzel/ouzel,
					/opt/local/include,
					/usr/local/include,
				);
				INFOPLIST_FILE = src/osx/Info.plist;
				LD_RUNPATH_SEARCH_PATHS = "$(inherited) @executable_path/../Frameworks";
				LIBRARY_SEARCH_PATHS = (
					/opt/local/lib,
					/usr/local/lib,
				);
				OTHER_LDFLAGS = (
					"-lavfilter",
					"-lavutil",
					"-lswscale",
					"-lavresample",
					"-lavcodec",
					"-lavformat",
					"-lx264",
					"-lz",
					"-lfreetype",
					"-lfdk-aac",
					"-lbz2",
					"-lfontconfig",
					"-lpng",
				);
				PRODUCT_BUNDLE_IDENTIFIER = com.boolgames.ouzel;
				PRODUCT_NAME = "$(TARGET_NAME)";
			};
			name = Debug;
		};
		304A8E201C237B96008B1151 /* Release */ = {
			isa = XCBuildConfiguration;
			buildSettings = {
				ASSETCATALOG_COMPILER_APPICON_NAME = AppIcon;
				COMBINE_HIDPI_IMAGES = YES;
				GCC_PRECOMPILE_PREFIX_HEADER = YES;
				GCC_PREFIX_HEADER = src/osx/Prefix.pch;
				HEADER_SEARCH_PATHS = (
					/Users/elviss/Projects/ouzel/ouzel,
					/opt/local/include,
					/usr/local/include,
				);
				INFOPLIST_FILE = src/osx/Info.plist;
				LD_RUNPATH_SEARCH_PATHS = "$(inherited) @executable_path/../Frameworks";
				LIBRARY_SEARCH_PATHS = (
					/opt/local/lib,
					/usr/local/lib,
				);
				OTHER_LDFLAGS = (
					"-lavfilter",
					"-lavutil",
					"-lswscale",
					"-lavresample",
					"-lavcodec",
					"-lavformat",
					"-lx264",
					"-lz",
					"-lfreetype",
					"-lfdk-aac",
					"-lbz2",
					"-lfontconfig",
					"-lpng",
				);
				PRODUCT_BUNDLE_IDENTIFIER = com.boolgames.ouzel;
				PRODUCT_NAME = "$(TARGET_NAME)";
			};
			name = Release;
		};
/* End XCBuildConfiguration section */

/* Begin XCConfigurationList section */
		303B761D1C34CFE300FEDE92 /* Build configuration list for PBXNativeTarget "native_play_ios" */ = {
			isa = XCConfigurationList;
			buildConfigurations = (
				303B761E1C34CFE300FEDE92 /* Debug */,
				303B761F1C34CFE300FEDE92 /* Release */,
			);
			defaultConfigurationIsVisible = 0;
			defaultConfigurationName = Release;
		};
		303B769D1C355AA400FEDE92 /* Build configuration list for PBXNativeTarget "native_play_tvos" */ = {
			isa = XCConfigurationList;
			buildConfigurations = (
				303B769E1C355AA400FEDE92 /* Debug */,
				303B769F1C355AA400FEDE92 /* Release */,
			);
			defaultConfigurationIsVisible = 0;
			defaultConfigurationName = Release;
		};
		304A8E051C237B95008B1151 /* Build configuration list for PBXProject "native_play" */ = {
			isa = XCConfigurationList;
			buildConfigurations = (
				304A8E1C1C237B96008B1151 /* Debug */,
				304A8E1D1C237B96008B1151 /* Release */,
			);
			defaultConfigurationIsVisible = 0;
			defaultConfigurationName = Release;
		};
		304A8E1E1C237B96008B1151 /* Build configuration list for PBXNativeTarget "native_play_osx" */ = {
			isa = XCConfigurationList;
			buildConfigurations = (
				304A8E1F1C237B96008B1151 /* Debug */,
				304A8E201C237B96008B1151 /* Release */,
			);
			defaultConfigurationIsVisible = 0;
			defaultConfigurationName = Release;
		};
/* End XCConfigurationList section */
	};
	rootObject = 304A8E021C237B95008B1151 /* Project object */;
}
